<?xml version="1.0" encoding="utf-8"?>
<Project ToolsVersion="4.0" xmlns="http://schemas.microsoft.com/developer/msbuild/2003">
  <ItemGroup>
    <Filter Include="source">
      <UniqueIdentifier>{4FC737F1-C7A5-4376-A066-2A32D752A2FF}</UniqueIdentifier>
      <Extensions>cpp;c;cc;cxx;def;odl;idl;hpj;bat;asm;asmx</Extensions>
    </Filter>
    <Filter Include="examples">
      <UniqueIdentifier>{892352ed-3c9a-46b8-9071-dc7b926c19ab}</UniqueIdentifier>
    </Filter>
  </ItemGroup>
  <ItemGroup>
    <ClCompile Include="..\..\..\source\gjAPI.cpp">
      <Filter>source</Filter>
    </ClCompile>
    <ClCompile Include="..\..\..\source\gjScore.cpp">
      <Filter>source</Filter>
    </ClCompile>
    <ClCompile Include="..\..\..\source\gjTrophy.cpp">
      <Filter>source</Filter>
    </ClCompile>
    <ClCompile Include="..\..\..\source\gjUser.cpp">
      <Filter>source</Filter>
    </ClCompile>
    <ClCompile Include="..\..\..\source\MD5.cpp">
      <Filter>source</Filter>
    </ClCompile>
    <ClCompile Include="..\..\..\source\gjNetwork.cpp">
      <Filter>source</Filter>
    </ClCompile>
    <ClCompile Include="..\..\..\source\gjDataItem.cpp">
      <Filter>source</Filter>
    </ClCompile>
    <ClCompile Include="..\..\..\source\Base64.cpp">
      <Filter>source</Filter>
    </ClCompile>
    <ClCompile Include="..\..\main.cpp">
      <Filter>examples</Filter>
    </ClCompile>
  </ItemGroup>
  <ItemGroup>
    <ClInclude Include="..\..\..\source\Base64.h">
      <Filter>source</Filter>
    </ClInclude>
    <ClInclude Include="..\..\..\source\MD5.h">
      <Filter>source</Filter>
    </ClInclude>
    <ClInclude Include="..\..\..\source\gjAPI.h">
      <Filter>source</Filter>
    </ClInclude>
    <ClInclude Include="..\..\..\source\gjDataItem.h">
      <Filter>source</Filter>
    </ClInclude>
    <ClInclude Include="..\..\..\source\gjNetwork.h">
      <Filter>source</Filter>
    </ClInclude>
    <ClInclude Include="..\..\..\source\gjNetwork.hpp">
      <Filter>source</Filter>
    </ClInclude>
    <ClInclude Include="..\..\..\source\gjScore.h">
      <Filter>source</Filter>
    </ClInclude>
    <ClInclude Include="..\..\..\source\gjTrophy.h">
      <Filter>source</Filter>
    </ClInclude>
    <ClInclude Include="..\..\..\source\gjUser.h">
      <Filter>source</Filter>
    </ClInclude>
    <ClInclude Include="..\..\..\source\gjLookup.h">
      <Filter>source</Filter>
    </ClInclude>
  </ItemGroup>
</Project>