<?xml version="1.0" encoding="UTF-8" standalone="yes" ?>
<CodeBlocks_project_file>
	<FileVersion major="1" minor="6" />
	<Project>
		<Option title="GameJoltAPI" />
		<Option pch_mode="2" />
		<Option compiler="gcc" />
		<Build>
			<Target title="Debug Windows">
				<Option output="../GameJoltAPI_example_debug" prefix_auto="1" extension_auto="1" />
				<Option working_dir="../" />
				<Option object_output="obj/Debug/" />
				<Option type="1" />
				<Option compiler="gcc" />
				<Compiler>
					<Add option="-g" />
					<Add directory="../../source" />
					<Add directory="../../libraries/windows/include" />
				</Compiler>
				<Linker>
					<Add library="..\..\libraries\windows\libcurl.lib" />
				</Linker>
			</Target>
			<Target title="Release Windows">
				<Option output="../GameJoltAPI_example" prefix_auto="1" extension_auto="1" />
				<Option working_dir="../" />
				<Option object_output="obj/Release/" />
				<Option type="1" />
				<Option compiler="gcc" />
				<Compiler>
					<Add option="-O2" />
					<Add directory="../../source" />
					<Add directory="../../libraries/windows/include" />
				</Compiler>
				<Linker>
					<Add option="-s" />
					<Add library="..\..\libraries\windows\libcurl.lib" />
				</Linker>
			</Target>
			<Target title="Debug Linux">
				<Option output="../GameJoltAPI_example_debug" prefix_auto="1" extension_auto="1" />
				<Option working_dir="../" />
				<Option object_output="obj/Debug/" />
				<Option type="1" />
				<Option compiler="gcc" />
				<Compiler>
					<Add option="-g" />
					<Add directory="../../source" />
					<Add directory="../../libraries/linux/include" />
				</Compiler>
				<Linker>
					<Add library="..\..\libraries\linux\libcurl.so" />
				</Linker>
			</Target>
			<Target title="Release Linux">
				<Option output="../GameJoltAPI_example" prefix_auto="1" extension_auto="1" />
				<Option working_dir="../" />
				<Option object_output="obj/Release/" />
				<Option type="1" />
				<Option compiler="gcc" />
				<Compiler>
					<Add option="-O2" />
					<Add directory="../../source" />
					<Add directory="../../libraries/linux/include" />
				</Compiler>
				<Linker>
					<Add option="-s" />
					<Add library="..\..\libraries\linux\libcurl.so" />
				</Linker>
			</Target>
		</Build>
		<Compiler>
			<Add option="-std=c++11" />
			<Add option="-Wall" />
		</Compiler>
		<Unit filename="../../source/Base64.cpp" />
		<Unit filename="../../source/Base64.h" />
		<Unit filename="../../source/MD5.cpp" />
		<Unit filename="../../source/MD5.h" />
		<Unit filename="../../source/gjAPI.cpp" />
		<Unit filename="../../source/gjAPI.h" />
		<Unit filename="../../source/gjDataItem.cpp" />
		<Unit filename="../../source/gjDataItem.h" />
		<Unit filename="../../source/gjNetwork.cpp" />
		<Unit filename="../../source/gjNetwork.h" />
		<Unit filename="../../source/gjNetwork.hpp" />
		<Unit filename="../../source/gjScore.cpp" />
		<Unit filename="../../source/gjScore.h" />
		<Unit filename="../../source/gjTrophy.cpp" />
		<Unit filename="../../source/gjTrophy.h" />
		<Unit filename="../../source/gjUser.cpp" />
		<Unit filename="../../source/gjUser.h" />
		<Unit filename="../main.cpp" />
		<Extensions>
			<code_completion />
			<envvars />
			<debugger />
			<lib_finder disable_auto="1" />
		</Extensions>
	</Project>
</CodeBlocks_project_file>
