<?xml version="1.0" encoding="UTF-8" standalone="yes" ?>
<CodeBlocks_project_file>
	<FileVersion major="1" minor="6" />
	<Project>
		<Option title="GameJoltAPI" />
		<Option pch_mode="2" />
		<Option compiler="gcc" />
		<Build>
			<Target title="Debug_Windows_mingw">
				<Option output="../GameJoltAPI_example_mingw_debug" prefix_auto="1" extension_auto="1" />
				<Option working_dir="../" />
				<Option object_output="obj/Debug/" />
				<Option type="1" />
				<Option compiler="gcc" />
				<Compiler>
					<Add option="-g" />
				</Compiler>
				<Linker>
					<Add library="..\..\libraries\windows\libcurl.lib" />
				</Linker>
			</Target>
			<Target title="Debug_Linux_gcc">
				<Option output="../GameJoltAPI_example_gcc_debug" prefix_auto="1" extension_auto="1" />
				<Option working_dir="../" />
				<Option object_output="obj/Debug/" />
				<Option type="1" />
				<Option compiler="gcc" />
				<Compiler>
					<Add option="-g" />
				</Compiler>
				<Linker>
					<Add library="..\..\libraries\linux\libcurl.so" />
				</Linker>
			</Target>
			<Target title="Release_Windows_mingw">
				<Option output="../GameJoltAPI_example_mingw" prefix_auto="1" extension_auto="1" />
				<Option working_dir="../" />
				<Option object_output="obj/Release/" />
				<Option type="1" />
				<Option compiler="gcc" />
				<Compiler>
					<Add option="-O2" />
				</Compiler>
				<Linker>
					<Add option="-s" />
					<Add option="-static-libgcc" />
					<Add option="-static-libstdc++" />
					<Add library="..\..\libraries\windows\libcurl.lib" />
				</Linker>
			</Target>
			<Target title="Release_Linux_gcc">
				<Option output="../GameJoltAPI_example_gcc" prefix_auto="1" extension_auto="1" />
				<Option working_dir="../" />
				<Option object_output="obj/Release/" />
				<Option type="1" />
				<Option compiler="gcc" />
				<Compiler>
					<Add option="-O2" />
				</Compiler>
				<Linker>
					<Add option="-s" />
					<Add library="..\..\libraries\linux\libcurl.so" />
				</Linker>
			</Target>
		</Build>
		<Compiler>
			<Add option="-std=c++11" />
			<Add option="-Wall" />
			<Add directory="../../source" />
			<Add directory="../../libraries/include" />
		</Compiler>
		<Unit filename="../../source/Base64.cpp" />
		<Unit filename="../../source/Base64.h" />
		<Unit filename="../../source/MD5.cpp" />
		<Unit filename="../../source/MD5.h" />
		<Unit filename="../../source/coreLookup.h" />
		<Unit filename="../../source/gjAPI.cpp" />
		<Unit filename="../../source/gjAPI.h" />
		<Unit filename="../../source/gjDataItem.cpp" />
		<Unit filename="../../source/gjDataItem.h" />
		<Unit filename="../../source/gjNetwork.cpp" />
		<Unit filename="../../source/gjNetwork.h" />
		<Unit filename="../../source/gjNetwork.hpp" />
		<Unit filename="../../source/gjScore.cpp" />
		<Unit filename="../../source/gjScore.h" />
		<Unit filename="../../source/gjTrophy.cpp" />
		<Unit filename="../../source/gjTrophy.h" />
		<Unit filename="../../source/gjUser.cpp" />
		<Unit filename="../../source/gjUser.h" />
		<Unit filename="../main.cpp" />
		<Extensions>
			<code_completion />
			<envvars />
			<debugger />
			<lib_finder disable_auto="1" />
		</Extensions>
	</Project>
</CodeBlocks_project_file>
